
Microsoft Visual Studio Solution File, Format Version 12.00
# Visual Studio 15
Project("{FAE04EC0-301F-11D3-BF4B-00C04F79EFBC}") = "Oculus.Interaction.Editor", "Oculus.Interaction.Editor.csproj", "{D04E1E26-064B-CADD-C227-EEC35550A1C7}"
EndProject
Project("{FAE04EC0-301F-11D3-BF4B-00C04F79EFBC}") = "Meta.WitAi.Conduit", "Meta.WitAi.Conduit.csproj", "{3002B7F4-B598-4846-6993-DF9A0B21F00D}"
EndProject
Project("{FAE04EC0-301F-11D3-BF4B-00C04F79EFBC}") = "Oculus.VR", "Oculus.VR.csproj", "{2E565272-499C-A728-D744-066E29F5A8FC}"
EndProject
Project("{FAE04EC0-301F-11D3-BF4B-00C04F79EFBC}") = "Oculus.Interaction", "Oculus.Interaction.csproj", "{01E2E50D-C3E1-26C0-EFD3-982B1DC2B5F4}"
EndProject
Project("{FAE04EC0-301F-11D3-BF4B-00C04F79EFBC}") = "Meta.Voice.Samples.ShapesConduit", "Meta.Voice.Samples.ShapesConduit.csproj", "{09AC753A-BB1E-F0D6-C34E-694872AF4301}"
EndProject
Project("{FAE04EC0-301F-11D3-BF4B-00C04F79EFBC}") = "Meta.WitAi.Editor", "Meta.WitAi.Editor.csproj", "{CB6A4658-1D58-3DCF-72B8-933BD1B78615}"
EndProject
Project("{FAE04EC0-301F-11D3-BF4B-00C04F79EFBC}") = "Oculus.Platform", "Oculus.Platform.csproj", "{71115BF1-494A-A554-0073-D648E4C59BA2}"
EndProject
Project("{FAE04EC0-301F-11D3-BF4B-00C04F79EFBC}") = "VoiceSDK.Telemetry", "VoiceSDK.Telemetry.csproj", "{38D06342-B1E8-2620-12BA-3393ED0A0D63}"
EndProject
Project("{FAE04EC0-301F-11D3-BF4B-00C04F79EFBC}") = "Meta.WitAi", "Meta.WitAi.csproj", "{D0A5C41D-EB8D-FFEC-C264-F5F108A4BC5E}"
EndProject
Project("{FAE04EC0-301F-11D3-BF4B-00C04F79EFBC}") = "Oculus.Interaction.OVR.Samples", "Oculus.Interaction.OVR.Samples.csproj", "{FFD95689-C23E-05A8-F1C4-C649EE550C3F}"
EndProject
Project("{FAE04EC0-301F-11D3-BF4B-00C04F79EFBC}") = "Assembly-CSharp", "Assembly-CSharp.csproj", "{02E4D33E-FE43-A3E2-AD33-7C1BC97F82E0}"
EndProject
Project("{FAE04EC0-301F-11D3-BF4B-00C04F79EFBC}") = "Meta.WitAi.Conduit.Editor", "Meta.WitAi.Conduit.Editor.csproj", "{066B9846-DE0F-09A9-9760-18DEEBC174EF}"
EndProject
Project("{FAE04EC0-301F-11D3-BF4B-00C04F79EFBC}") = "Meta.WitAi.Lib", "Meta.WitAi.Lib.csproj", "{5CAC54C3-1D88-485B-8665-F535011DEDAB}"
EndProject
Project("{FAE04EC0-301F-11D3-BF4B-00C04F79EFBC}") = "Oculus.VR.Editor", "Oculus.VR.Editor.csproj", "{2FF6B119-FAE9-09F7-4394-4B2256FF8524}"
EndProject
Project("{FAE04EC0-301F-11D3-BF4B-00C04F79EFBC}") = "Meta.Voice.Hub.Runtime", "Meta.Voice.Hub.Runtime.csproj", "{7A23BD9B-3219-81BC-1421-E085E74431EF}"
EndProject
Project("{FAE04EC0-301F-11D3-BF4B-00C04F79EFBC}") = "Oculus.Interaction.OVR.Editor", "Oculus.Interaction.OVR.Editor.csproj", "{5EDFC46D-23E6-EE6C-0AAB-6CB629ED101C}"
EndProject
Project("{FAE04EC0-301F-11D3-BF4B-00C04F79EFBC}") = "VoiceSDK.Dictation.Runtime", "VoiceSDK.Dictation.Runtime.csproj", "{A07B45E5-5D5A-2753-74D2-27183894A986}"
EndProject
Project("{FAE04EC0-301F-11D3-BF4B-00C04F79EFBC}") = "Oculus.LipSync", "Oculus.LipSync.csproj", "{7D944FD3-011C-C778-7420-1D1B46023ED1}"
EndProject
Project("{FAE04EC0-301F-11D3-BF4B-00C04F79EFBC}") = "Oculus.Interaction.OVR", "Oculus.Interaction.OVR.csproj", "{A85A87EE-089B-F1FC-5DB6-01DCD1207BFA}"
EndProject
Project("{FAE04EC0-301F-11D3-BF4B-00C04F79EFBC}") = "Meta.WitAi.TTS.Samples", "Meta.WitAi.TTS.Samples.csproj", "{3AB0383D-362F-3D2F-8EF4-B30FBD549A1E}"
EndProject
Project("{FAE04EC0-301F-11D3-BF4B-00C04F79EFBC}") = "Meta.Voice.Hub.Editor", "Meta.Voice.Hub.Editor.csproj", "{D46C76D9-D041-9476-1AE1-3667D4E13490}"
EndProject
Project("{FAE04EC0-301F-11D3-BF4B-00C04F79EFBC}") = "VoiceSDK.Editor", "VoiceSDK.Editor.csproj", "{762A95B8-B0E2-D9BA-B0A5-B834A5B215A0}"
EndProject
Project("{FAE04EC0-301F-11D3-BF4B-00C04F79EFBC}") = "Meta.WitAI.Lib.Editor", "Meta.WitAI.Lib.Editor.csproj", "{A8D1BF6E-D972-D415-29D0-650283E95F53}"
EndProject
Project("{FAE04EC0-301F-11D3-BF4B-00C04F79EFBC}") = "Oculus.Spatializer.Editor", "Oculus.Spatializer.Editor.csproj", "{AD55515E-C884-7C4B-CD0A-6CA3F21D95A5}"
EndProject
Project("{FAE04EC0-301F-11D3-BF4B-00C04F79EFBC}") = "Meta.WitAi.TTS", "Meta.WitAi.TTS.csproj", "{C57A2A25-DC76-9264-9C58-8F5468430C92}"
EndProject
Project("{FAE04EC0-301F-11D3-BF4B-00C04F79EFBC}") = "AssistantCoreSDKRuntime", "AssistantCoreSDKRuntime.csproj", "{037A35F5-507E-6DEF-20C5-98414AC5F4D5}"
EndProject
Project("{FAE04EC0-301F-11D3-BF4B-00C04F79EFBC}") = "Oculus.AudioManager", "Oculus.AudioManager.csproj", "{546163F1-031F-6432-FDC8-814E7D2BD971}"
EndProject
Project("{FAE04EC0-301F-11D3-BF4B-00C04F79EFBC}") = "VoiceSDK.Runtime", "VoiceSDK.Runtime.csproj", "{32C7D622-B769-E4FE-8648-37FFF1B16BDB}"
EndProject
Project("{FAE04EC0-301F-11D3-BF4B-00C04F79EFBC}") = "Facebook.Wit.Dictation", "Facebook.Wit.Dictation.csproj", "{C5784219-6CDD-1D84-9167-655EA6A6744D}"
EndProject
Project("{FAE04EC0-301F-11D3-BF4B-00C04F79EFBC}") = "Meta.WitAi.TTS.Editor", "Meta.WitAi.TTS.Editor.csproj", "{C89BEF89-A3ED-9E45-0890-FE65A4414B82}"
EndProject
Project("{FAE04EC0-301F-11D3-BF4B-00C04F79EFBC}") = "Meta.Voice.Samples.BuiltInTimer", "Meta.Voice.Samples.BuiltInTimer.csproj", "{B7F7FC80-9FFF-843C-DF70-B9DA948C0056}"
EndProject
Project("{FAE04EC0-301F-11D3-BF4B-00C04F79EFBC}") = "Oculus.Platform.Editor", "Oculus.Platform.Editor.csproj", "{80E71B8D-0331-FAA9-3B7C-348AC2E29EB5}"
EndProject
Project("{FAE04EC0-301F-11D3-BF4B-00C04F79EFBC}") = "Meta.XR.BuildingBlocks.Editor", "Meta.XR.BuildingBlocks.Editor.csproj", "{7A00C655-0FBF-79FA-B3CA-0F54E8A85B13}"
EndProject
Project("{FAE04EC0-301F-11D3-BF4B-00C04F79EFBC}") = "Meta.Voice.Samples.TTSVoices", "Meta.Voice.Samples.TTSVoices.csproj", "{06F5FF85-05C3-98E0-5267-3C43EA21CE9C}"
EndProject
Project("{FAE04EC0-301F-11D3-BF4B-00C04F79EFBC}") = "Meta.Voice.VSDKHub.Editor", "Meta.Voice.VSDKHub.Editor.csproj", "{A0047415-1D9B-0FD0-483B-A0844E998E79}"
EndProject
Project("{FAE04EC0-301F-11D3-BF4B-00C04F79EFBC}") = "Oculus.AudioManager.Audio.Editor", "Oculus.AudioManager.Audio.Editor.csproj", "{760C865A-DD3E-98C7-9892-C88C59FE60B6}"
EndProject
Project("{FAE04EC0-301F-11D3-BF4B-00C04F79EFBC}") = "Assembly-CSharp-Editor", "Assembly-CSharp-Editor.csproj", "{3CAC0867-3B19-4344-5572-3B6AC37B1299}"
EndProject
Project("{FAE04EC0-301F-11D3-BF4B-00C04F79EFBC}") = "Meta.Voice.Samples.Chess", "Meta.Voice.Samples.Chess.csproj", "{7F43F5C8-2D6D-A8C4-3474-B692769ACACB}"
EndProject
Project("{FAE04EC0-301F-11D3-BF4B-00C04F79EFBC}") = "Oculus.VR.Scripts.Editor", "Oculus.VR.Scripts.Editor.csproj", "{AB541821-87B8-B2CB-8A7D-3C3365316586}"
EndProject
Project("{FAE04EC0-301F-11D3-BF4B-00C04F79EFBC}") = "Meta.Voice.Samples.LightTraits", "Meta.Voice.Samples.LightTraits.csproj", "{7EB599EF-1476-9433-BCF3-8BE4F48CBA29}"
EndProject
Project("{FAE04EC0-301F-11D3-BF4B-00C04F79EFBC}") = "Meta.Voice.Samples.Dictation", "Meta.Voice.Samples.Dictation.csproj", "{AB0414B6-5CD2-0ECD-E071-A79567C49CD1}"
EndProject
Project("{FAE04EC0-301F-11D3-BF4B-00C04F79EFBC}") = "Meta.Voice.Samples.Shapes", "Meta.Voice.Samples.Shapes.csproj", "{4FBB7BC5-D753-B631-EBD9-3CA4EBF5343E}"
EndProject
Project("{FAE04EC0-301F-11D3-BF4B-00C04F79EFBC}") = "Oculus.Interaction.Samples.Editor", "Oculus.Interaction.Samples.Editor.csproj", "{77791807-98CF-57F9-FDB7-6E54E7A28439}"
EndProject
Project("{FAE04EC0-301F-11D3-BF4B-00C04F79EFBC}") = "Meta.XR.BuildingBlocks", "Meta.XR.BuildingBlocks.csproj", "{46A25CE9-10D3-AE60-F312-2966A8881F25}"
EndProject
Project("{FAE04EC0-301F-11D3-BF4B-00C04F79EFBC}") = "Oculus.Spatializer", "Oculus.Spatializer.csproj", "{46906D84-3533-8812-4730-D5EBAB8E2BCD}"
EndProject
Project("{FAE04EC0-301F-11D3-BF4B-00C04F79EFBC}") = "Oculus.LipSync.Editor", "Oculus.LipSync.Editor.csproj", "{F32C7486-6ECA-4C32-3394-FB7DC516F2B7}"
EndProject
Project("{FAE04EC0-301F-11D3-BF4B-00C04F79EFBC}") = "Oculus.AudioManager.Utils.Editor", "Oculus.AudioManager.Utils.Editor.csproj", "{44A5E91F-A124-BAD9-0BE4-9E18C0DF6ACC}"
EndProject
Project("{FAE04EC0-301F-11D3-BF4B-00C04F79EFBC}") = "Meta.VoiceSDK.Mic.Common", "Meta.VoiceSDK.Mic.Common.csproj", "{6DE63227-D1F6-03DA-0329-F222C2C7033E}"
EndProject
Project("{FAE04EC0-301F-11D3-BF4B-00C04F79EFBC}") = "VoiceSDK.Dictation.Editor", "VoiceSDK.Dictation.Editor.csproj", "{4EE25008-81D7-25DC-0A0E-C57687435264}"
EndProject
Project("{FAE04EC0-301F-11D3-BF4B-00C04F79EFBC}") = "Meta.VoiceSDK.Mic.Other", "Meta.VoiceSDK.Mic.Other.csproj", "{0AED2671-3689-9604-44CD-26E6C7216FF5}"
EndProject
Project("{FAE04EC0-301F-11D3-BF4B-00C04F79EFBC}") = "AssistantCoreSDKEditor", "AssistantCoreSDKEditor.csproj", "{A808719C-C0E6-CA2E-149A-A9A2953727BD}"
EndProject
Project("{FAE04EC0-301F-11D3-BF4B-00C04F79EFBC}") = "Oculus.Interaction.InterfaceSupport", "Oculus.Interaction.InterfaceSupport.csproj", "{5F5AA5BF-36BF-D244-A6DC-C63271B9D4BE}"
EndProject
Project("{FAE04EC0-301F-11D3-BF4B-00C04F79EFBC}") = "Meta.Voice.Samples.LiveUnderstanding", "Meta.Voice.Samples.LiveUnderstanding.csproj", "{C44E889E-8FAA-6BD0-2425-272E50AEC0CC}"
EndProject
Project("{FAE04EC0-301F-11D3-BF4B-00C04F79EFBC}") = "Facebook.Wit.Dictation.Editor", "Facebook.Wit.Dictation.Editor.csproj", "{9A089248-992C-BA93-3141-3EB41CE4AFC8}"
EndProject
Project("{FAE04EC0-301F-11D3-BF4B-00C04F79EFBC}") = "Meta.VoiceSDK.Mic.WebGL", "Meta.VoiceSDK.Mic.WebGL.csproj", "{BD34C0B1-D18C-2B3C-894A-E6BD8FF7F655}"
EndProject
Global
	GlobalSection(SolutionConfigurationPlatforms) = preSolution
		Debug|Any CPU = Debug|Any CPU
		Release|Any CPU = Release|Any CPU
	EndGlobalSection
	GlobalSection(ProjectConfigurationPlatforms) = postSolution
		{D04E1E26-064B-CADD-C227-EEC35550A1C7}.Debug|Any CPU.ActiveCfg = Debug|Any CPU
		{D04E1E26-064B-CADD-C227-EEC35550A1C7}.Debug|Any CPU.Build.0 = Debug|Any CPU
		{D04E1E26-064B-CADD-C227-EEC35550A1C7}.Release|Any CPU.ActiveCfg = Release|Any CPU
		{D04E1E26-064B-CADD-C227-EEC35550A1C7}.Release|Any CPU.Build.0 = Release|Any CPU
		{3002B7F4-B598-4846-6993-DF9A0B21F00D}.Debug|Any CPU.ActiveCfg = Debug|Any CPU
		{3002B7F4-B598-4846-6993-DF9A0B21F00D}.Debug|Any CPU.Build.0 = Debug|Any CPU
		{3002B7F4-B598-4846-6993-DF9A0B21F00D}.Release|Any CPU.ActiveCfg = Release|Any CPU
		{3002B7F4-B598-4846-6993-DF9A0B21F00D}.Release|Any CPU.Build.0 = Release|Any CPU
		{2E565272-499C-A728-D744-066E29F5A8FC}.Debug|Any CPU.ActiveCfg = Debug|Any CPU
		{2E565272-499C-A728-D744-066E29F5A8FC}.Debug|Any CPU.Build.0 = Debug|Any CPU
		{2E565272-499C-A728-D744-066E29F5A8FC}.Release|Any CPU.ActiveCfg = Release|Any CPU
		{2E565272-499C-A728-D744-066E29F5A8FC}.Release|Any CPU.Build.0 = Release|Any CPU
		{01E2E50D-C3E1-26C0-EFD3-982B1DC2B5F4}.Debug|Any CPU.ActiveCfg = Debug|Any CPU
		{01E2E50D-C3E1-26C0-EFD3-982B1DC2B5F4}.Debug|Any CPU.Build.0 = Debug|Any CPU
		{01E2E50D-C3E1-26C0-EFD3-982B1DC2B5F4}.Release|Any CPU.ActiveCfg = Release|Any CPU
		{01E2E50D-C3E1-26C0-EFD3-982B1DC2B5F4}.Release|Any CPU.Build.0 = Release|Any CPU
		{09AC753A-BB1E-F0D6-C34E-694872AF4301}.Debug|Any CPU.ActiveCfg = Debug|Any CPU
		{09AC753A-BB1E-F0D6-C34E-694872AF4301}.Debug|Any CPU.Build.0 = Debug|Any CPU
		{09AC753A-BB1E-F0D6-C34E-694872AF4301}.Release|Any CPU.ActiveCfg = Release|Any CPU
		{09AC753A-BB1E-F0D6-C34E-694872AF4301}.Release|Any CPU.Build.0 = Release|Any CPU
		{CB6A4658-1D58-3DCF-72B8-933BD1B78615}.Debug|Any CPU.ActiveCfg = Debug|Any CPU
		{CB6A4658-1D58-3DCF-72B8-933BD1B78615}.Debug|Any CPU.Build.0 = Debug|Any CPU
		{CB6A4658-1D58-3DCF-72B8-933BD1B78615}.Release|Any CPU.ActiveCfg = Release|Any CPU
		{CB6A4658-1D58-3DCF-72B8-933BD1B78615}.Release|Any CPU.Build.0 = Release|Any CPU
		{71115BF1-494A-A554-0073-D648E4C59BA2}.Debug|Any CPU.ActiveCfg = Debug|Any CPU
		{71115BF1-494A-A554-0073-D648E4C59BA2}.Debug|Any CPU.Build.0 = Debug|Any CPU
		{71115BF1-494A-A554-0073-D648E4C59BA2}.Release|Any CPU.ActiveCfg = Release|Any CPU
		{71115BF1-494A-A554-0073-D648E4C59BA2}.Release|Any CPU.Build.0 = Release|Any CPU
		{38D06342-B1E8-2620-12BA-3393ED0A0D63}.Debug|Any CPU.ActiveCfg = Debug|Any CPU
		{38D06342-B1E8-2620-12BA-3393ED0A0D63}.Debug|Any CPU.Build.0 = Debug|Any CPU
		{38D06342-B1E8-2620-12BA-3393ED0A0D63}.Release|Any CPU.ActiveCfg = Release|Any CPU
		{38D06342-B1E8-2620-12BA-3393ED0A0D63}.Release|Any CPU.Build.0 = Release|Any CPU
		{D0A5C41D-EB8D-FFEC-C264-F5F108A4BC5E}.Debug|Any CPU.ActiveCfg = Debug|Any CPU
		{D0A5C41D-EB8D-FFEC-C264-F5F108A4BC5E}.Debug|Any CPU.Build.0 = Debug|Any CPU
		{D0A5C41D-EB8D-FFEC-C264-F5F108A4BC5E}.Release|Any CPU.ActiveCfg = Release|Any CPU
		{D0A5C41D-EB8D-FFEC-C264-F5F108A4BC5E}.Release|Any CPU.Build.0 = Release|Any CPU
		{FFD95689-C23E-05A8-F1C4-C649EE550C3F}.Debug|Any CPU.ActiveCfg = Debug|Any CPU
		{FFD95689-C23E-05A8-F1C4-C649EE550C3F}.Debug|Any CPU.Build.0 = Debug|Any CPU
		{FFD95689-C23E-05A8-F1C4-C649EE550C3F}.Release|Any CPU.ActiveCfg = Release|Any CPU
		{FFD95689-C23E-05A8-F1C4-C649EE550C3F}.Release|Any CPU.Build.0 = Release|Any CPU
		{02E4D33E-FE43-A3E2-AD33-7C1BC97F82E0}.Debug|Any CPU.ActiveCfg = Debug|Any CPU
		{02E4D33E-FE43-A3E2-AD33-7C1BC97F82E0}.Debug|Any CPU.Build.0 = Debug|Any CPU
		{02E4D33E-FE43-A3E2-AD33-7C1BC97F82E0}.Release|Any CPU.ActiveCfg = Release|Any CPU
		{02E4D33E-FE43-A3E2-AD33-7C1BC97F82E0}.Release|Any CPU.Build.0 = Release|Any CPU
		{066B9846-DE0F-09A9-9760-18DEEBC174EF}.Debug|Any CPU.ActiveCfg = Debug|Any CPU
		{066B9846-DE0F-09A9-9760-18DEEBC174EF}.Debug|Any CPU.Build.0 = Debug|Any CPU
		{066B9846-DE0F-09A9-9760-18DEEBC174EF}.Release|Any CPU.ActiveCfg = Release|Any CPU
		{066B9846-DE0F-09A9-9760-18DEEBC174EF}.Release|Any CPU.Build.0 = Release|Any CPU
		{5CAC54C3-1D88-485B-8665-F535011DEDAB}.Debug|Any CPU.ActiveCfg = Debug|Any CPU
		{5CAC54C3-1D88-485B-8665-F535011DEDAB}.Debug|Any CPU.Build.0 = Debug|Any CPU
		{5CAC54C3-1D88-485B-8665-F535011DEDAB}.Release|Any CPU.ActiveCfg = Release|Any CPU
		{5CAC54C3-1D88-485B-8665-F535011DEDAB}.Release|Any CPU.Build.0 = Release|Any CPU
		{2FF6B119-FAE9-09F7-4394-4B2256FF8524}.Debug|Any CPU.ActiveCfg = Debug|Any CPU
		{2FF6B119-FAE9-09F7-4394-4B2256FF8524}.Debug|Any CPU.Build.0 = Debug|Any CPU
		{2FF6B119-FAE9-09F7-4394-4B2256FF8524}.Release|Any CPU.ActiveCfg = Release|Any CPU
		{2FF6B119-FAE9-09F7-4394-4B2256FF8524}.Release|Any CPU.Build.0 = Release|Any CPU
		{7A23BD9B-3219-81BC-1421-E085E74431EF}.Debug|Any CPU.ActiveCfg = Debug|Any CPU
		{7A23BD9B-3219-81BC-1421-E085E74431EF}.Debug|Any CPU.Build.0 = Debug|Any CPU
		{7A23BD9B-3219-81BC-1421-E085E74431EF}.Release|Any CPU.ActiveCfg = Release|Any CPU
		{7A23BD9B-3219-81BC-1421-E085E74431EF}.Release|Any CPU.Build.0 = Release|Any CPU
		{5EDFC46D-23E6-EE6C-0AAB-6CB629ED101C}.Debug|Any CPU.ActiveCfg = Debug|Any CPU
		{5EDFC46D-23E6-EE6C-0AAB-6CB629ED101C}.Debug|Any CPU.Build.0 = Debug|Any CPU
		{5EDFC46D-23E6-EE6C-0AAB-6CB629ED101C}.Release|Any CPU.ActiveCfg = Release|Any CPU
		{5EDFC46D-23E6-EE6C-0AAB-6CB629ED101C}.Release|Any CPU.Build.0 = Release|Any CPU
		{A07B45E5-5D5A-2753-74D2-27183894A986}.Debug|Any CPU.ActiveCfg = Debug|Any CPU
		{A07B45E5-5D5A-2753-74D2-27183894A986}.Debug|Any CPU.Build.0 = Debug|Any CPU
		{A07B45E5-5D5A-2753-74D2-27183894A986}.Release|Any CPU.ActiveCfg = Release|Any CPU
		{A07B45E5-5D5A-2753-74D2-27183894A986}.Release|Any CPU.Build.0 = Release|Any CPU
		{7D944FD3-011C-C778-7420-1D1B46023ED1}.Debug|Any CPU.ActiveCfg = Debug|Any CPU
		{7D944FD3-011C-C778-7420-1D1B46023ED1}.Debug|Any CPU.Build.0 = Debug|Any CPU
		{7D944FD3-011C-C778-7420-1D1B46023ED1}.Release|Any CPU.ActiveCfg = Release|Any CPU
		{7D944FD3-011C-C778-7420-1D1B46023ED1}.Release|Any CPU.Build.0 = Release|Any CPU
		{A85A87EE-089B-F1FC-5DB6-01DCD1207BFA}.Debug|Any CPU.ActiveCfg = Debug|Any CPU
		{A85A87EE-089B-F1FC-5DB6-01DCD1207BFA}.Debug|Any CPU.Build.0 = Debug|Any CPU
		{A85A87EE-089B-F1FC-5DB6-01DCD1207BFA}.Release|Any CPU.ActiveCfg = Release|Any CPU
		{A85A87EE-089B-F1FC-5DB6-01DCD1207BFA}.Release|Any CPU.Build.0 = Release|Any CPU
		{3AB0383D-362F-3D2F-8EF4-B30FBD549A1E}.Debug|Any CPU.ActiveCfg = Debug|Any CPU
		{3AB0383D-362F-3D2F-8EF4-B30FBD549A1E}.Debug|Any CPU.Build.0 = Debug|Any CPU
		{3AB0383D-362F-3D2F-8EF4-B30FBD549A1E}.Release|Any CPU.ActiveCfg = Release|Any CPU
		{3AB0383D-362F-3D2F-8EF4-B30FBD549A1E}.Release|Any CPU.Build.0 = Release|Any CPU
		{D46C76D9-D041-9476-1AE1-3667D4E13490}.Debug|Any CPU.ActiveCfg = Debug|Any CPU
		{D46C76D9-D041-9476-1AE1-3667D4E13490}.Debug|Any CPU.Build.0 = Debug|Any CPU
		{D46C76D9-D041-9476-1AE1-3667D4E13490}.Release|Any CPU.ActiveCfg = Release|Any CPU
		{D46C76D9-D041-9476-1AE1-3667D4E13490}.Release|Any CPU.Build.0 = Release|Any CPU
		{762A95B8-B0E2-D9BA-B0A5-B834A5B215A0}.Debug|Any CPU.ActiveCfg = Debug|Any CPU
		{762A95B8-B0E2-D9BA-B0A5-B834A5B215A0}.Debug|Any CPU.Build.0 = Debug|Any CPU
		{762A95B8-B0E2-D9BA-B0A5-B834A5B215A0}.Release|Any CPU.ActiveCfg = Release|Any CPU
		{762A95B8-B0E2-D9BA-B0A5-B834A5B215A0}.Release|Any CPU.Build.0 = Release|Any CPU
		{A8D1BF6E-D972-D415-29D0-650283E95F53}.Debug|Any CPU.ActiveCfg = Debug|Any CPU
		{A8D1BF6E-D972-D415-29D0-650283E95F53}.Debug|Any CPU.Build.0 = Debug|Any CPU
		{A8D1BF6E-D972-D415-29D0-650283E95F53}.Release|Any CPU.ActiveCfg = Release|Any CPU
		{A8D1BF6E-D972-D415-29D0-650283E95F53}.Release|Any CPU.Build.0 = Release|Any CPU
		{AD55515E-C884-7C4B-CD0A-6CA3F21D95A5}.Debug|Any CPU.ActiveCfg = Debug|Any CPU
		{AD55515E-C884-7C4B-CD0A-6CA3F21D95A5}.Debug|Any CPU.Build.0 = Debug|Any CPU
		{AD55515E-C884-7C4B-CD0A-6CA3F21D95A5}.Release|Any CPU.ActiveCfg = Release|Any CPU
		{AD55515E-C884-7C4B-CD0A-6CA3F21D95A5}.Release|Any CPU.Build.0 = Release|Any CPU
		{C57A2A25-DC76-9264-9C58-8F5468430C92}.Debug|Any CPU.ActiveCfg = Debug|Any CPU
		{C57A2A25-DC76-9264-9C58-8F5468430C92}.Debug|Any CPU.Build.0 = Debug|Any CPU
		{C57A2A25-DC76-9264-9C58-8F5468430C92}.Release|Any CPU.ActiveCfg = Release|Any CPU
		{C57A2A25-DC76-9264-9C58-8F5468430C92}.Release|Any CPU.Build.0 = Release|Any CPU
		{037A35F5-507E-6DEF-20C5-98414AC5F4D5}.Debug|Any CPU.ActiveCfg = Debug|Any CPU
		{037A35F5-507E-6DEF-20C5-98414AC5F4D5}.Debug|Any CPU.Build.0 = Debug|Any CPU
		{037A35F5-507E-6DEF-20C5-98414AC5F4D5}.Release|Any CPU.ActiveCfg = Release|Any CPU
		{037A35F5-507E-6DEF-20C5-98414AC5F4D5}.Release|Any CPU.Build.0 = Release|Any CPU
		{546163F1-031F-6432-FDC8-814E7D2BD971}.Debug|Any CPU.ActiveCfg = Debug|Any CPU
		{546163F1-031F-6432-FDC8-814E7D2BD971}.Debug|Any CPU.Build.0 = Debug|Any CPU
		{546163F1-031F-6432-FDC8-814E7D2BD971}.Release|Any CPU.ActiveCfg = Release|Any CPU
		{546163F1-031F-6432-FDC8-814E7D2BD971}.Release|Any CPU.Build.0 = Release|Any CPU
		{32C7D622-B769-E4FE-8648-37FFF1B16BDB}.Debug|Any CPU.ActiveCfg = Debug|Any CPU
		{32C7D622-B769-E4FE-8648-37FFF1B16BDB}.Debug|Any CPU.Build.0 = Debug|Any CPU
		{32C7D622-B769-E4FE-8648-37FFF1B16BDB}.Release|Any CPU.ActiveCfg = Release|Any CPU
		{32C7D622-B769-E4FE-8648-37FFF1B16BDB}.Release|Any CPU.Build.0 = Release|Any CPU
		{C5784219-6CDD-1D84-9167-655EA6A6744D}.Debug|Any CPU.ActiveCfg = Debug|Any CPU
		{C5784219-6CDD-1D84-9167-655EA6A6744D}.Debug|Any CPU.Build.0 = Debug|Any CPU
		{C5784219-6CDD-1D84-9167-655EA6A6744D}.Release|Any CPU.ActiveCfg = Release|Any CPU
		{C5784219-6CDD-1D84-9167-655EA6A6744D}.Release|Any CPU.Build.0 = Release|Any CPU
		{C89BEF89-A3ED-9E45-0890-FE65A4414B82}.Debug|Any CPU.ActiveCfg = Debug|Any CPU
		{C89BEF89-A3ED-9E45-0890-FE65A4414B82}.Debug|Any CPU.Build.0 = Debug|Any CPU
		{C89BEF89-A3ED-9E45-0890-FE65A4414B82}.Release|Any CPU.ActiveCfg = Release|Any CPU
		{C89BEF89-A3ED-9E45-0890-FE65A4414B82}.Release|Any CPU.Build.0 = Release|Any CPU
		{B7F7FC80-9FFF-843C-DF70-B9DA948C0056}.Debug|Any CPU.ActiveCfg = Debug|Any CPU
		{B7F7FC80-9FFF-843C-DF70-B9DA948C0056}.Debug|Any CPU.Build.0 = Debug|Any CPU
		{B7F7FC80-9FFF-843C-DF70-B9DA948C0056}.Release|Any CPU.ActiveCfg = Release|Any CPU
		{B7F7FC80-9FFF-843C-DF70-B9DA948C0056}.Release|Any CPU.Build.0 = Release|Any CPU
		{80E71B8D-0331-FAA9-3B7C-348AC2E29EB5}.Debug|Any CPU.ActiveCfg = Debug|Any CPU
		{80E71B8D-0331-FAA9-3B7C-348AC2E29EB5}.Debug|Any CPU.Build.0 = Debug|Any CPU
		{80E71B8D-0331-FAA9-3B7C-348AC2E29EB5}.Release|Any CPU.ActiveCfg = Release|Any CPU
		{80E71B8D-0331-FAA9-3B7C-348AC2E29EB5}.Release|Any CPU.Build.0 = Release|Any CPU
		{7A00C655-0FBF-79FA-B3CA-0F54E8A85B13}.Debug|Any CPU.ActiveCfg = Debug|Any CPU
		{7A00C655-0FBF-79FA-B3CA-0F54E8A85B13}.Debug|Any CPU.Build.0 = Debug|Any CPU
		{7A00C655-0FBF-79FA-B3CA-0F54E8A85B13}.Release|Any CPU.ActiveCfg = Release|Any CPU
		{7A00C655-0FBF-79FA-B3CA-0F54E8A85B13}.Release|Any CPU.Build.0 = Release|Any CPU
		{06F5FF85-05C3-98E0-5267-3C43EA21CE9C}.Debug|Any CPU.ActiveCfg = Debug|Any CPU
		{06F5FF85-05C3-98E0-5267-3C43EA21CE9C}.Debug|Any CPU.Build.0 = Debug|Any CPU
		{06F5FF85-05C3-98E0-5267-3C43EA21CE9C}.Release|Any CPU.ActiveCfg = Release|Any CPU
		{06F5FF85-05C3-98E0-5267-3C43EA21CE9C}.Release|Any CPU.Build.0 = Release|Any CPU
		{A0047415-1D9B-0FD0-483B-A0844E998E79}.Debug|Any CPU.ActiveCfg = Debug|Any CPU
		{A0047415-1D9B-0FD0-483B-A0844E998E79}.Debug|Any CPU.Build.0 = Debug|Any CPU
		{A0047415-1D9B-0FD0-483B-A0844E998E79}.Release|Any CPU.ActiveCfg = Release|Any CPU
		{A0047415-1D9B-0FD0-483B-A0844E998E79}.Release|Any CPU.Build.0 = Release|Any CPU
		{760C865A-DD3E-98C7-9892-C88C59FE60B6}.Debug|Any CPU.ActiveCfg = Debug|Any CPU
		{760C865A-DD3E-98C7-9892-C88C59FE60B6}.Debug|Any CPU.Build.0 = Debug|Any CPU
		{760C865A-DD3E-98C7-9892-C88C59FE60B6}.Release|Any CPU.ActiveCfg = Release|Any CPU
		{760C865A-DD3E-98C7-9892-C88C59FE60B6}.Release|Any CPU.Build.0 = Release|Any CPU
		{3CAC0867-3B19-4344-5572-3B6AC37B1299}.Debug|Any CPU.ActiveCfg = Debug|Any CPU
		{3CAC0867-3B19-4344-5572-3B6AC37B1299}.Debug|Any CPU.Build.0 = Debug|Any CPU
		{3CAC0867-3B19-4344-5572-3B6AC37B1299}.Release|Any CPU.ActiveCfg = Release|Any CPU
		{3CAC0867-3B19-4344-5572-3B6AC37B1299}.Release|Any CPU.Build.0 = Release|Any CPU
		{7F43F5C8-2D6D-A8C4-3474-B692769ACACB}.Debug|Any CPU.ActiveCfg = Debug|Any CPU
		{7F43F5C8-2D6D-A8C4-3474-B692769ACACB}.Debug|Any CPU.Build.0 = Debug|Any CPU
		{7F43F5C8-2D6D-A8C4-3474-B692769ACACB}.Release|Any CPU.ActiveCfg = Release|Any CPU
		{7F43F5C8-2D6D-A8C4-3474-B692769ACACB}.Release|Any CPU.Build.0 = Release|Any CPU
		{AB541821-87B8-B2CB-8A7D-3C3365316586}.Debug|Any CPU.ActiveCfg = Debug|Any CPU
		{AB541821-87B8-B2CB-8A7D-3C3365316586}.Debug|Any CPU.Build.0 = Debug|Any CPU
		{AB541821-87B8-B2CB-8A7D-3C3365316586}.Release|Any CPU.ActiveCfg = Release|Any CPU
		{AB541821-87B8-B2CB-8A7D-3C3365316586}.Release|Any CPU.Build.0 = Release|Any CPU
		{7EB599EF-1476-9433-BCF3-8BE4F48CBA29}.Debug|Any CPU.ActiveCfg = Debug|Any CPU
		{7EB599EF-1476-9433-BCF3-8BE4F48CBA29}.Debug|Any CPU.Build.0 = Debug|Any CPU
		{7EB599EF-1476-9433-BCF3-8BE4F48CBA29}.Release|Any CPU.ActiveCfg = Release|Any CPU
		{7EB599EF-1476-9433-BCF3-8BE4F48CBA29}.Release|Any CPU.Build.0 = Release|Any CPU
		{AB0414B6-5CD2-0ECD-E071-A79567C49CD1}.Debug|Any CPU.ActiveCfg = Debug|Any CPU
		{AB0414B6-5CD2-0ECD-E071-A79567C49CD1}.Debug|Any CPU.Build.0 = Debug|Any CPU
		{AB0414B6-5CD2-0ECD-E071-A79567C49CD1}.Release|Any CPU.ActiveCfg = Release|Any CPU
		{AB0414B6-5CD2-0ECD-E071-A79567C49CD1}.Release|Any CPU.Build.0 = Release|Any CPU
		{4FBB7BC5-D753-B631-EBD9-3CA4EBF5343E}.Debug|Any CPU.ActiveCfg = Debug|Any CPU
		{4FBB7BC5-D753-B631-EBD9-3CA4EBF5343E}.Debug|Any CPU.Build.0 = Debug|Any CPU
		{4FBB7BC5-D753-B631-EBD9-3CA4EBF5343E}.Release|Any CPU.ActiveCfg = Release|Any CPU
		{4FBB7BC5-D753-B631-EBD9-3CA4EBF5343E}.Release|Any CPU.Build.0 = Release|Any CPU
		{77791807-98CF-57F9-FDB7-6E54E7A28439}.Debug|Any CPU.ActiveCfg = Debug|Any CPU
		{77791807-98CF-57F9-FDB7-6E54E7A28439}.Debug|Any CPU.Build.0 = Debug|Any CPU
		{77791807-98CF-57F9-FDB7-6E54E7A28439}.Release|Any CPU.ActiveCfg = Release|Any CPU
		{77791807-98CF-57F9-FDB7-6E54E7A28439}.Release|Any CPU.Build.0 = Release|Any CPU
		{46A25CE9-10D3-AE60-F312-2966A8881F25}.Debug|Any CPU.ActiveCfg = Debug|Any CPU
		{46A25CE9-10D3-AE60-F312-2966A8881F25}.Debug|Any CPU.Build.0 = Debug|Any CPU
		{46A25CE9-10D3-AE60-F312-2966A8881F25}.Release|Any CPU.ActiveCfg = Release|Any CPU
		{46A25CE9-10D3-AE60-F312-2966A8881F25}.Release|Any CPU.Build.0 = Release|Any CPU
		{46906D84-3533-8812-4730-D5EBAB8E2BCD}.Debug|Any CPU.ActiveCfg = Debug|Any CPU
		{46906D84-3533-8812-4730-D5EBAB8E2BCD}.Debug|Any CPU.Build.0 = Debug|Any CPU
		{46906D84-3533-8812-4730-D5EBAB8E2BCD}.Release|Any CPU.ActiveCfg = Release|Any CPU
		{46906D84-3533-8812-4730-D5EBAB8E2BCD}.Release|Any CPU.Build.0 = Release|Any CPU
		{F32C7486-6ECA-4C32-3394-FB7DC516F2B7}.Debug|Any CPU.ActiveCfg = Debug|Any CPU
		{F32C7486-6ECA-4C32-3394-FB7DC516F2B7}.Debug|Any CPU.Build.0 = Debug|Any CPU
		{F32C7486-6ECA-4C32-3394-FB7DC516F2B7}.Release|Any CPU.ActiveCfg = Release|Any CPU
		{F32C7486-6ECA-4C32-3394-FB7DC516F2B7}.Release|Any CPU.Build.0 = Release|Any CPU
		{44A5E91F-A124-BAD9-0BE4-9E18C0DF6ACC}.Debug|Any CPU.ActiveCfg = Debug|Any CPU
		{44A5E91F-A124-BAD9-0BE4-9E18C0DF6ACC}.Debug|Any CPU.Build.0 = Debug|Any CPU
		{44A5E91F-A124-BAD9-0BE4-9E18C0DF6ACC}.Release|Any CPU.ActiveCfg = Release|Any CPU
		{44A5E91F-A124-BAD9-0BE4-9E18C0DF6ACC}.Release|Any CPU.Build.0 = Release|Any CPU
		{6DE63227-D1F6-03DA-0329-F222C2C7033E}.Debug|Any CPU.ActiveCfg = Debug|Any CPU
		{6DE63227-D1F6-03DA-0329-F222C2C7033E}.Debug|Any CPU.Build.0 = Debug|Any CPU
		{6DE63227-D1F6-03DA-0329-F222C2C7033E}.Release|Any CPU.ActiveCfg = Release|Any CPU
		{6DE63227-D1F6-03DA-0329-F222C2C7033E}.Release|Any CPU.Build.0 = Release|Any CPU
		{4EE25008-81D7-25DC-0A0E-C57687435264}.Debug|Any CPU.ActiveCfg = Debug|Any CPU
		{4EE25008-81D7-25DC-0A0E-C57687435264}.Debug|Any CPU.Build.0 = Debug|Any CPU
		{4EE25008-81D7-25DC-0A0E-C57687435264}.Release|Any CPU.ActiveCfg = Release|Any CPU
		{4EE25008-81D7-25DC-0A0E-C57687435264}.Release|Any CPU.Build.0 = Release|Any CPU
		{0AED2671-3689-9604-44CD-26E6C7216FF5}.Debug|Any CPU.ActiveCfg = Debug|Any CPU
		{0AED2671-3689-9604-44CD-26E6C7216FF5}.Debug|Any CPU.Build.0 = Debug|Any CPU
		{0AED2671-3689-9604-44CD-26E6C7216FF5}.Release|Any CPU.ActiveCfg = Release|Any CPU
		{0AED2671-3689-9604-44CD-26E6C7216FF5}.Release|Any CPU.Build.0 = Release|Any CPU
		{A808719C-C0E6-CA2E-149A-A9A2953727BD}.Debug|Any CPU.ActiveCfg = Debug|Any CPU
		{A808719C-C0E6-CA2E-149A-A9A2953727BD}.Debug|Any CPU.Build.0 = Debug|Any CPU
		{A808719C-C0E6-CA2E-149A-A9A2953727BD}.Release|Any CPU.ActiveCfg = Release|Any CPU
		{A808719C-C0E6-CA2E-149A-A9A2953727BD}.Release|Any CPU.Build.0 = Release|Any CPU
		{5F5AA5BF-36BF-D244-A6DC-C63271B9D4BE}.Debug|Any CPU.ActiveCfg = Debug|Any CPU
		{5F5AA5BF-36BF-D244-A6DC-C63271B9D4BE}.Debug|Any CPU.Build.0 = Debug|Any CPU
		{5F5AA5BF-36BF-D244-A6DC-C63271B9D4BE}.Release|Any CPU.ActiveCfg = Release|Any CPU
		{5F5AA5BF-36BF-D244-A6DC-C63271B9D4BE}.Release|Any CPU.Build.0 = Release|Any CPU
		{C44E889E-8FAA-6BD0-2425-272E50AEC0CC}.Debug|Any CPU.ActiveCfg = Debug|Any CPU
		{C44E889E-8FAA-6BD0-2425-272E50AEC0CC}.Debug|Any CPU.Build.0 = Debug|Any CPU
		{C44E889E-8FAA-6BD0-2425-272E50AEC0CC}.Release|Any CPU.ActiveCfg = Release|Any CPU
		{C44E889E-8FAA-6BD0-2425-272E50AEC0CC}.Release|Any CPU.Build.0 = Release|Any CPU
		{9A089248-992C-BA93-3141-3EB41CE4AFC8}.Debug|Any CPU.ActiveCfg = Debug|Any CPU
		{9A089248-992C-BA93-3141-3EB41CE4AFC8}.Debug|Any CPU.Build.0 = Debug|Any CPU
		{9A089248-992C-BA93-3141-3EB41CE4AFC8}.Release|Any CPU.ActiveCfg = Release|Any CPU
		{9A089248-992C-BA93-3141-3EB41CE4AFC8}.Release|Any CPU.Build.0 = Release|Any CPU
		{BD34C0B1-D18C-2B3C-894A-E6BD8FF7F655}.Debug|Any CPU.ActiveCfg = Debug|Any CPU
		{BD34C0B1-D18C-2B3C-894A-E6BD8FF7F655}.Debug|Any CPU.Build.0 = Debug|Any CPU
		{BD34C0B1-D18C-2B3C-894A-E6BD8FF7F655}.Release|Any CPU.ActiveCfg = Release|Any CPU
		{BD34C0B1-D18C-2B3C-894A-E6BD8FF7F655}.Release|Any CPU.Build.0 = Release|Any CPU
	EndGlobalSection
	GlobalSection(SolutionProperties) = preSolution
		HideSolutionNode = FALSE
	EndGlobalSection
EndGlobal
